
Microsoft Visual Studio Solution File, Format Version 12.00
# Visual Studio Version 16
VisualStudioVersion = 16.0.29709.97
MinimumVisualStudioVersion = 10.0.40219.1
Project("{2150E333-8FDC-42A3-9474-1A3956D46DE8}") = "WebPortal", "WebPortal", "{3C4FF89D-331F-4BA0-AD0C-8314C26C87C2}"
EndProject
Project("{2150E333-8FDC-42A3-9474-1A3956D46DE8}") = "Infrastructure", "Infrastructure", "{2B7BC424-B4CF-4C12-B3A7-3D68E2E1BE89}"
EndProject
Project("{2150E333-8FDC-42A3-9474-1A3956D46DE8}") = "Scrape", "Scrape", "{6A4B245A-F0C9-45B0-84BF-4906C9D66EBD}"
EndProject
Project("{2150E333-8FDC-42A3-9474-1A3956D46DE8}") = "NBA", "NBA", "{D1D1BEC9-41AF-4709-8116-C663F695DACC}"
EndProject
Project("{9A19103F-16F7-4668-BE54-9A1E7A4F7556}") = "TQI.WebPortal.API", "WebPortal\TQI.WebPortal.API\TQI.WebPortal.API.csproj", "{BE611C90-4448-442E-AAD7-337F650C9912}"
EndProject
Project("{9A19103F-16F7-4668-BE54-9A1E7A4F7556}") = "TQI.WebPortal.Service", "WebPortal\TQI.WebPortal.Service\TQI.WebPortal.Service.csproj", "{AA92CF61-9D79-486E-A51D-A98C6F3B74DD}"
EndProject
Project("{9A19103F-16F7-4668-BE54-9A1E7A4F7556}") = "TQI.WebPortal.Repository", "WebPortal\TQI.WebPortal.Repository\TQI.WebPortal.Repository.csproj", "{93EFD1C5-0810-46A0-ABF6-0DD641A7CA18}"
EndProject
Project("{FAE04EC0-301F-11D3-BF4B-00C04F79EFBC}") = "TQI.Scrape.NBA.Handler", "Scrape\NBA\TQI.Scrape.NBA.Handler\TQI.Scrape.NBA.Handler.csproj", "{C97EFD80-3C36-4F48-9365-8F8A1F8D83FD}"
EndProject
Project("{FAE04EC0-301F-11D3-BF4B-00C04F79EFBC}") = "TQI.Scrape.NBA.ServiceScheduler", "Scrape\NBA\TQI.Scrape.NBA.ServiceScheduler\TQI.Scrape.NBA.ServiceScheduler.csproj", "{157014BE-CA12-4790-A4ED-CBFFFE0EA29D}"
EndProject
Project("{2150E333-8FDC-42A3-9474-1A3956D46DE8}") = "ControlCenter", "ControlCenter", "{E9057387-BA50-441C-B5C8-63D26A9D07D2}"
EndProject
Project("{FAE04EC0-301F-11D3-BF4B-00C04F79EFBC}") = "TQI.ControlCenter.UI", "ControlCenter\TQI.ControlCenter.UI\TQI.ControlCenter.UI.csproj", "{E393533C-5A0B-4AFD-BED1-6674F31DDA28}"
EndProject
Project("{FAE04EC0-301F-11D3-BF4B-00C04F79EFBC}") = "TQI.ControlCenter.Logic", "ControlCenter\TQI.ControlCenter.Logic\TQI.ControlCenter.Logic.csproj", "{CC7F91AC-A84C-4714-85A7-16AD882B019A}"
EndProject
Project("{9A19103F-16F7-4668-BE54-9A1E7A4F7556}") = "TQI.Infrastructure.Utility", "Infrastructure\TQI.Infrastructure.Utility\TQI.Infrastructure.Utility.csproj", "{1898DB08-F854-41E4-82A2-2461FB1E7BAE}"
EndProject
Project("{9A19103F-16F7-4668-BE54-9A1E7A4F7556}") = "TQI.Infrastructure.Entity", "Infrastructure\TQI.Infrastructure.Entity\TQI.Infrastructure.Entity.csproj", "{18D542D6-7236-4C1C-9E24-1F0BEA4EA8EF}"
EndProject
Project("{FAE04EC0-301F-11D3-BF4B-00C04F79EFBC}") = "TQI.Infrastructure.Scrape", "Infrastructure\TQI.Infrastructure.Scrape\TQI.Infrastructure.Scrape.csproj", "{6083361D-4B81-47B7-8682-1C4B4412C10E}"
EndProject
Project("{2150E333-8FDC-42A3-9474-1A3956D46DE8}") = "Runner", "Runner", "{075F1F4F-B6BD-48F9-A2CA-820793AB1A37}"
EndProject
Project("{FAE04EC0-301F-11D3-BF4B-00C04F79EFBC}") = "TQI.Runner.Debugger", "Runner\TQI.Runner.Debugger\TQI.Runner.Debugger.csproj", "{A56C0A10-F7A1-483C-BB4C-EA2E7D8FBEE8}"
EndProject
Project("{FAE04EC0-301F-11D3-BF4B-00C04F79EFBC}") = "TQI.Runner.SampleInjection", "Runner\TQI.Runner.Debugger\TQI.Runner.SampleInjection\TQI.Runner.SampleInjection.csproj", "{F13E2492-F68A-4AB3-B12A-7897688510E8}"
EndProject
Global
	GlobalSection(SolutionConfigurationPlatforms) = preSolution
		Debug|Any CPU = Debug|Any CPU
		Debug|x86 = Debug|x86
		Release|Any CPU = Release|Any CPU
		Release|x86 = Release|x86
	EndGlobalSection
	GlobalSection(ProjectConfigurationPlatforms) = postSolution
		{BE611C90-4448-442E-AAD7-337F650C9912}.Debug|Any CPU.ActiveCfg = Debug|Any CPU
		{BE611C90-4448-442E-AAD7-337F650C9912}.Debug|Any CPU.Build.0 = Debug|Any CPU
		{BE611C90-4448-442E-AAD7-337F650C9912}.Debug|x86.ActiveCfg = Debug|Any CPU
		{BE611C90-4448-442E-AAD7-337F650C9912}.Debug|x86.Build.0 = Debug|Any CPU
		{BE611C90-4448-442E-AAD7-337F650C9912}.Release|Any CPU.ActiveCfg = Release|Any CPU
		{BE611C90-4448-442E-AAD7-337F650C9912}.Release|Any CPU.Build.0 = Release|Any CPU
		{BE611C90-4448-442E-AAD7-337F650C9912}.Release|x86.ActiveCfg = Release|Any CPU
		{BE611C90-4448-442E-AAD7-337F650C9912}.Release|x86.Build.0 = Release|Any CPU
		{AA92CF61-9D79-486E-A51D-A98C6F3B74DD}.Debug|Any CPU.ActiveCfg = Debug|Any CPU
		{AA92CF61-9D79-486E-A51D-A98C6F3B74DD}.Debug|Any CPU.Build.0 = Debug|Any CPU
		{AA92CF61-9D79-486E-A51D-A98C6F3B74DD}.Debug|x86.ActiveCfg = Debug|Any CPU
		{AA92CF61-9D79-486E-A51D-A98C6F3B74DD}.Debug|x86.Build.0 = Debug|Any CPU
		{AA92CF61-9D79-486E-A51D-A98C6F3B74DD}.Release|Any CPU.ActiveCfg = Release|Any CPU
		{AA92CF61-9D79-486E-A51D-A98C6F3B74DD}.Release|Any CPU.Build.0 = Release|Any CPU
		{AA92CF61-9D79-486E-A51D-A98C6F3B74DD}.Release|x86.ActiveCfg = Release|Any CPU
		{AA92CF61-9D79-486E-A51D-A98C6F3B74DD}.Release|x86.Build.0 = Release|Any CPU
		{93EFD1C5-0810-46A0-ABF6-0DD641A7CA18}.Debug|Any CPU.ActiveCfg = Debug|Any CPU
		{93EFD1C5-0810-46A0-ABF6-0DD641A7CA18}.Debug|Any CPU.Build.0 = Debug|Any CPU
		{93EFD1C5-0810-46A0-ABF6-0DD641A7CA18}.Debug|x86.ActiveCfg = Debug|Any CPU
		{93EFD1C5-0810-46A0-ABF6-0DD641A7CA18}.Debug|x86.Build.0 = Debug|Any CPU
		{93EFD1C5-0810-46A0-ABF6-0DD641A7CA18}.Release|Any CPU.ActiveCfg = Release|Any CPU
		{93EFD1C5-0810-46A0-ABF6-0DD641A7CA18}.Release|Any CPU.Build.0 = Release|Any CPU
		{93EFD1C5-0810-46A0-ABF6-0DD641A7CA18}.Release|x86.ActiveCfg = Release|Any CPU
		{93EFD1C5-0810-46A0-ABF6-0DD641A7CA18}.Release|x86.Build.0 = Release|Any CPU
		{C97EFD80-3C36-4F48-9365-8F8A1F8D83FD}.Debug|Any CPU.ActiveCfg = Debug|Any CPU
		{C97EFD80-3C36-4F48-9365-8F8A1F8D83FD}.Debug|Any CPU.Build.0 = Debug|Any CPU
		{C97EFD80-3C36-4F48-9365-8F8A1F8D83FD}.Debug|x86.ActiveCfg = Debug|Any CPU
		{C97EFD80-3C36-4F48-9365-8F8A1F8D83FD}.Debug|x86.Build.0 = Debug|Any CPU
		{C97EFD80-3C36-4F48-9365-8F8A1F8D83FD}.Release|Any CPU.ActiveCfg = Release|Any CPU
		{C97EFD80-3C36-4F48-9365-8F8A1F8D83FD}.Release|Any CPU.Build.0 = Release|Any CPU
		{C97EFD80-3C36-4F48-9365-8F8A1F8D83FD}.Release|x86.ActiveCfg = Release|Any CPU
		{C97EFD80-3C36-4F48-9365-8F8A1F8D83FD}.Release|x86.Build.0 = Release|Any CPU
		{157014BE-CA12-4790-A4ED-CBFFFE0EA29D}.Debug|Any CPU.ActiveCfg = Debug|Any CPU
		{157014BE-CA12-4790-A4ED-CBFFFE0EA29D}.Debug|Any CPU.Build.0 = Debug|Any CPU
		{157014BE-CA12-4790-A4ED-CBFFFE0EA29D}.Debug|x86.ActiveCfg = Debug|Any CPU
		{157014BE-CA12-4790-A4ED-CBFFFE0EA29D}.Debug|x86.Build.0 = Debug|Any CPU
		{157014BE-CA12-4790-A4ED-CBFFFE0EA29D}.Release|Any CPU.ActiveCfg = Release|Any CPU
		{157014BE-CA12-4790-A4ED-CBFFFE0EA29D}.Release|Any CPU.Build.0 = Release|Any CPU
		{157014BE-CA12-4790-A4ED-CBFFFE0EA29D}.Release|x86.ActiveCfg = Release|Any CPU
		{157014BE-CA12-4790-A4ED-CBFFFE0EA29D}.Release|x86.Build.0 = Release|Any CPU
		{E393533C-5A0B-4AFD-BED1-6674F31DDA28}.Debug|Any CPU.ActiveCfg = Debug|Any CPU
		{E393533C-5A0B-4AFD-BED1-6674F31DDA28}.Debug|Any CPU.Build.0 = Debug|Any CPU
		{E393533C-5A0B-4AFD-BED1-6674F31DDA28}.Debug|x86.ActiveCfg = Debug|Any CPU
		{E393533C-5A0B-4AFD-BED1-6674F31DDA28}.Debug|x86.Build.0 = Debug|Any CPU
		{E393533C-5A0B-4AFD-BED1-6674F31DDA28}.Release|Any CPU.ActiveCfg = Release|Any CPU
		{E393533C-5A0B-4AFD-BED1-6674F31DDA28}.Release|Any CPU.Build.0 = Release|Any CPU
		{E393533C-5A0B-4AFD-BED1-6674F31DDA28}.Release|x86.ActiveCfg = Release|Any CPU
		{E393533C-5A0B-4AFD-BED1-6674F31DDA28}.Release|x86.Build.0 = Release|Any CPU
		{CC7F91AC-A84C-4714-85A7-16AD882B019A}.Debug|Any CPU.ActiveCfg = Debug|Any CPU
		{CC7F91AC-A84C-4714-85A7-16AD882B019A}.Debug|Any CPU.Build.0 = Debug|Any CPU
		{CC7F91AC-A84C-4714-85A7-16AD882B019A}.Debug|x86.ActiveCfg = Debug|Any CPU
		{CC7F91AC-A84C-4714-85A7-16AD882B019A}.Debug|x86.Build.0 = Debug|Any CPU
		{CC7F91AC-A84C-4714-85A7-16AD882B019A}.Release|Any CPU.ActiveCfg = Release|Any CPU
		{CC7F91AC-A84C-4714-85A7-16AD882B019A}.Release|Any CPU.Build.0 = Release|Any CPU
		{CC7F91AC-A84C-4714-85A7-16AD882B019A}.Release|x86.ActiveCfg = Release|Any CPU
		{CC7F91AC-A84C-4714-85A7-16AD882B019A}.Release|x86.Build.0 = Release|Any CPU
		{1898DB08-F854-41E4-82A2-2461FB1E7BAE}.Debug|Any CPU.ActiveCfg = Debug|Any CPU
		{1898DB08-F854-41E4-82A2-2461FB1E7BAE}.Debug|Any CPU.Build.0 = Debug|Any CPU
		{1898DB08-F854-41E4-82A2-2461FB1E7BAE}.Debug|x86.ActiveCfg = Debug|Any CPU
		{1898DB08-F854-41E4-82A2-2461FB1E7BAE}.Debug|x86.Build.0 = Debug|Any CPU
		{1898DB08-F854-41E4-82A2-2461FB1E7BAE}.Release|Any CPU.ActiveCfg = Release|Any CPU
		{1898DB08-F854-41E4-82A2-2461FB1E7BAE}.Release|Any CPU.Build.0 = Release|Any CPU
		{1898DB08-F854-41E4-82A2-2461FB1E7BAE}.Release|x86.ActiveCfg = Release|Any CPU
		{1898DB08-F854-41E4-82A2-2461FB1E7BAE}.Release|x86.Build.0 = Release|Any CPU
		{18D542D6-7236-4C1C-9E24-1F0BEA4EA8EF}.Debug|Any CPU.ActiveCfg = Debug|Any CPU
		{18D542D6-7236-4C1C-9E24-1F0BEA4EA8EF}.Debug|Any CPU.Build.0 = Debug|Any CPU
		{18D542D6-7236-4C1C-9E24-1F0BEA4EA8EF}.Debug|x86.ActiveCfg = Debug|Any CPU
		{18D542D6-7236-4C1C-9E24-1F0BEA4EA8EF}.Debug|x86.Build.0 = Debug|Any CPU
		{18D542D6-7236-4C1C-9E24-1F0BEA4EA8EF}.Release|Any CPU.ActiveCfg = Release|Any CPU
		{18D542D6-7236-4C1C-9E24-1F0BEA4EA8EF}.Release|Any CPU.Build.0 = Release|Any CPU
		{18D542D6-7236-4C1C-9E24-1F0BEA4EA8EF}.Release|x86.ActiveCfg = Release|Any CPU
		{18D542D6-7236-4C1C-9E24-1F0BEA4EA8EF}.Release|x86.Build.0 = Release|Any CPU
		{6083361D-4B81-47B7-8682-1C4B4412C10E}.Debug|Any CPU.ActiveCfg = Debug|Any CPU
		{6083361D-4B81-47B7-8682-1C4B4412C10E}.Debug|Any CPU.Build.0 = Debug|Any CPU
		{6083361D-4B81-47B7-8682-1C4B4412C10E}.Debug|x86.ActiveCfg = Debug|Any CPU
		{6083361D-4B81-47B7-8682-1C4B4412C10E}.Debug|x86.Build.0 = Debug|Any CPU
		{6083361D-4B81-47B7-8682-1C4B4412C10E}.Release|Any CPU.ActiveCfg = Release|Any CPU
		{6083361D-4B81-47B7-8682-1C4B4412C10E}.Release|Any CPU.Build.0 = Release|Any CPU
		{6083361D-4B81-47B7-8682-1C4B4412C10E}.Release|x86.ActiveCfg = Release|Any CPU
		{6083361D-4B81-47B7-8682-1C4B4412C10E}.Release|x86.Build.0 = Release|Any CPU
		{A56C0A10-F7A1-483C-BB4C-EA2E7D8FBEE8}.Debug|Any CPU.ActiveCfg = Debug|Any CPU
		{A56C0A10-F7A1-483C-BB4C-EA2E7D8FBEE8}.Debug|Any CPU.Build.0 = Debug|Any CPU
		{A56C0A10-F7A1-483C-BB4C-EA2E7D8FBEE8}.Debug|x86.ActiveCfg = Debug|Any CPU
		{A56C0A10-F7A1-483C-BB4C-EA2E7D8FBEE8}.Debug|x86.Build.0 = Debug|Any CPU
		{A56C0A10-F7A1-483C-BB4C-EA2E7D8FBEE8}.Release|Any CPU.ActiveCfg = Release|Any CPU
		{A56C0A10-F7A1-483C-BB4C-EA2E7D8FBEE8}.Release|Any CPU.Build.0 = Release|Any CPU
		{A56C0A10-F7A1-483C-BB4C-EA2E7D8FBEE8}.Release|x86.ActiveCfg = Release|Any CPU
		{A56C0A10-F7A1-483C-BB4C-EA2E7D8FBEE8}.Release|x86.Build.0 = Release|Any CPU
		{F13E2492-F68A-4AB3-B12A-7897688510E8}.Debug|Any CPU.ActiveCfg = Debug|Any CPU
		{F13E2492-F68A-4AB3-B12A-7897688510E8}.Debug|Any CPU.Build.0 = Debug|Any CPU
		{F13E2492-F68A-4AB3-B12A-7897688510E8}.Debug|x86.ActiveCfg = Debug|Any CPU
		{F13E2492-F68A-4AB3-B12A-7897688510E8}.Debug|x86.Build.0 = Debug|Any CPU
		{F13E2492-F68A-4AB3-B12A-7897688510E8}.Release|Any CPU.ActiveCfg = Release|Any CPU
		{F13E2492-F68A-4AB3-B12A-7897688510E8}.Release|Any CPU.Build.0 = Release|Any CPU
		{F13E2492-F68A-4AB3-B12A-7897688510E8}.Release|x86.ActiveCfg = Release|Any CPU
		{F13E2492-F68A-4AB3-B12A-7897688510E8}.Release|x86.Build.0 = Release|Any CPU
	EndGlobalSection
	GlobalSection(SolutionProperties) = preSolution
		HideSolutionNode = FALSE
	EndGlobalSection
	GlobalSection(NestedProjects) = preSolution
		{D1D1BEC9-41AF-4709-8116-C663F695DACC} = {6A4B245A-F0C9-45B0-84BF-4906C9D66EBD}
		{BE611C90-4448-442E-AAD7-337F650C9912} = {3C4FF89D-331F-4BA0-AD0C-8314C26C87C2}
		{AA92CF61-9D79-486E-A51D-A98C6F3B74DD} = {3C4FF89D-331F-4BA0-AD0C-8314C26C87C2}
		{93EFD1C5-0810-46A0-ABF6-0DD641A7CA18} = {3C4FF89D-331F-4BA0-AD0C-8314C26C87C2}
		{C97EFD80-3C36-4F48-9365-8F8A1F8D83FD} = {D1D1BEC9-41AF-4709-8116-C663F695DACC}
		{157014BE-CA12-4790-A4ED-CBFFFE0EA29D} = {D1D1BEC9-41AF-4709-8116-C663F695DACC}
		{E393533C-5A0B-4AFD-BED1-6674F31DDA28} = {E9057387-BA50-441C-B5C8-63D26A9D07D2}
		{CC7F91AC-A84C-4714-85A7-16AD882B019A} = {E9057387-BA50-441C-B5C8-63D26A9D07D2}
		{1898DB08-F854-41E4-82A2-2461FB1E7BAE} = {2B7BC424-B4CF-4C12-B3A7-3D68E2E1BE89}
		{18D542D6-7236-4C1C-9E24-1F0BEA4EA8EF} = {2B7BC424-B4CF-4C12-B3A7-3D68E2E1BE89}
		{6083361D-4B81-47B7-8682-1C4B4412C10E} = {2B7BC424-B4CF-4C12-B3A7-3D68E2E1BE89}
		{A56C0A10-F7A1-483C-BB4C-EA2E7D8FBEE8} = {075F1F4F-B6BD-48F9-A2CA-820793AB1A37}
		{F13E2492-F68A-4AB3-B12A-7897688510E8} = {075F1F4F-B6BD-48F9-A2CA-820793AB1A37}
	EndGlobalSection
	GlobalSection(ExtensibilityGlobals) = postSolution
		SolutionGuid = {34F398AE-5726-4306-A1A6-FE675993528F}
	EndGlobalSection
EndGlobal
